58f8da642d6a018172582e891fe8f3216176b0c8bbaaf9c50d46355012484e5f  lib/tagged.cyr
c9d9bd6559c58dd633ea2c35f529596c8af5ef37d267f8684c22930aae06607f  lib/toml.cyr
f7852e63d5d26359956b455f270a138a80ca4de1bc00ba4cd3fa56c346b9a139  lib/str.cyr
bcc046e90f4ca58b76df69d08cae5feec9d92f0398eaaad96686b2c27631fdfc  lib/grp.cyr
cd04430ca9b6955a00b3a63b18b7d15eef95cab6fee0313ba9f2dfa8cf31ce38  lib/pam.cyr
2f45637b6ac55e44d88262768766486657c2c047887c83070e7f44f05d9df5c9  lib/alloc_macos.cyr
f5ecfdd9b6ee02914a1a3b542fec7559aa66e4830b852ee80e28e410a1fcc4f1  lib/freelist.cyr
30abbdfd10790b852144e20dc9fdf1503336fb94940ec7a4ce37ec92dcfad746  lib/regex.cyr
30eaa438ad0026a2efcfbbfd5ea54ac767dda34ade572ada8e72bd34f1e3369b  lib/sakshi.cyr
ff14f0d7999956754937f612c0aa60719c138f0967a81019cf99e08aae088087  lib/string.cyr
3e2e923a1a9911f355b6201a75f66cb0c3c12a16b1796886772796ce7de2317f  lib/process.cyr
8e2296604d66d1a592b7fa991072b97ff8d826fb82362a499b4aeec90619263c  lib/alloc.cyr
09220dc4ea43fd66fd3dfc218795ec0b0f675287cd24458a42e93343a62b1aaa  lib/syscalls_x86_64_linux.cyr
150bb9efad587ae139d8df81d62c7578c8ab20d3c6964004908929657b597c12  lib/fmt.cyr
c9e220ca9bcb929cbc682e9b7eed7086b3b5a90474d562b600e137fde85eb7f0  lib/assert.cyr
db0d2daba9fbdbcf3beb97dd1e0640616c22474eb9b1d0c232dabe4521c46447  lib/args.cyr
6f7698ae70884d0d6b845994974bb7b5a8a92bcc4e86277229e8f81e409ffe1c  lib/syscalls.cyr
f362ed6f1f4064dfcbc72b32892c2917ff80119a583bfdfa948771e115eb8de0  lib/alloc_windows.cyr
5e7902f242bde6d441d19156f5b69e4384757c7dad9187061451da1ce82a8e39  lib/syscalls_aarch64_linux.cyr
82ff313674a504d0d6d6e696ae1e0503148b066407c0c3344ee2098e54e504c4  lib/bench.cyr
c2009b15d382fbe80366feb8c0a070a3a711b2e3fc40604bddcb77edc3ef1520  lib/vec.cyr
97ee4075f0f1516d383f2f1cea8d1fcb6ea62414f5411f5ea463b3b383396a08  lib/fs.cyr
a9b4daf3511b905965bf9b99e31d51ef54993fc8c3ad961d9122ac97719a4f18  lib/io.cyr
986664e1a80a4b80cb1cb7250c4b7b24c88dba3a3d2157783701c04a7ccbabc9  lib/hashmap.cyr
76276b98b431e30b49168d4af8d5efdd428dde8c7114351e8d575e0abc3992ab  lib/fnptr.cyr
c687ff6f4784ca309c119c97de1c3f730e0da9e36d2cc82fbaaaeedc1da76027  lib/syscalls_windows.cyr
ad939696ad226c1c0ce55caf8ba4468e9e2f44be3af2792b35fb66c288986026  lib/syscalls_linux_common.cyr
fcb060e991af4b5cd1d3e1ad7fdc06278d8a0adf64d073c234298c4c20f1a000  lib/args_macos.cyr
55ffe9a910b214a8dd6fcafce5ee1ba5c86ff8e4f7d79f9c32068019bd013c71  lib/result.cyr
