bcc046e90f4ca58b76df69d08cae5feec9d92f0398eaaad96686b2c27631fdfc  lib/grp.cyr
ff14f0d7999956754937f612c0aa60719c138f0967a81019cf99e08aae088087  lib/string.cyr
c9e220ca9bcb929cbc682e9b7eed7086b3b5a90474d562b600e137fde85eb7f0  lib/assert.cyr
3ecbc51a2c25fa695ce13ab0cb657684bf156006b9f77a9a8d274adb80f158b0  lib/args.cyr
a8ae4f1396d23bff31a4c22c53be396b4624dcd763f5a9de81d4933a07beae9e  lib/bench.cyr
12c88fb38ecb6615c1bb1e2ac673e5258485c16f35c4271b8103d19411d231c5  lib/vec.cyr
4ee0e3020c92b50d9bf865bc3e29f6becf8dbcd6b3c83ff2e7638d8d26db055d  lib/io.cyr
5f6cbdc4dc19cdd43f563388b28bc9df676c638b3e0eb134e55ddae57c072198  lib/hashmap.cyr
3cd95e522962c38ddf606cb2e7cb37bda552a24526a58a85fb22ae07b2596582  lib/fnptr.cyr
ff14f0d7999956754937f612c0aa60719c138f0967a81019cf99e08aae088087  lib/syscalls_windows.cyr
3e2e923a1a9911f355b6201a75f66cb0c3c12a16b1796886772796ce7de2317f  lib/syscalls_linux_common.cyr
49269a9ac71c8806a8da0a3df7c161a854da68c2675ffe5ad23ea37336b61a87  lib/args_macos.cyr
8e2296604d66d1a592b7fa991072b97ff8d826fb82362a499b4aeec90619263c  lib/result.cyr
